// !$*UTF8*$!
{
	archiveVersion = 1;
	classes = {
	};
	objectVersion = 50;
	objects = {

/* Begin PBXBuildFile section */
		EF34F12026534526001564B4 /* AppDelegate.swift in Sources */ = {isa = PBXBuildFile; fileRef = EF34F11F26534526001564B4 /* AppDelegate.swift */; };
		EF34F12226534527001564B4 /* SceneDelegate.swift in Sources */ = {isa = PBXBuildFile; fileRef = EF34F12126534527001564B4 /* SceneDelegate.swift */; };
		EF34F12426534527001564B4 /* ViewController.swift in Sources */ = {isa = PBXBuildFile; fileRef = EF34F12326534527001564B4 /* ViewController.swift */; };
		EF34F12726534529001564B4 /* Main.storyboard in Resources */ = {isa = PBXBuildFile; fileRef = EF34F12526534529001564B4 /* Main.storyboard */; };
		EF34F12926534652001564B4 /* Assets.xcassets in Resources */ = {isa = PBXBuildFile; fileRef = EF34F12826534652001564B4 /* Assets.xcassets */; };
		EF34F12C26534653001564B4 /* LaunchScreen.storyboard in Resources */ = {isa = PBXBuildFile; fileRef = EF34F12A26534653001564B4 /* LaunchScreen.storyboard */; };
		EF34F13726534679001564B4 /* ContactosCoreDataPM2Tests.swift in Sources */ = {isa = PBXBuildFile; fileRef = EF34F13626534679001564B4 /* ContactosCoreDataPM2Tests.swift */; };
		EF34F1422653467A001564B4 /* ContactosCoreDataPM2UITests.swift in Sources */ = {isa = PBXBuildFile; fileRef = EF34F1412653467A001564B4 /* ContactosCoreDataPM2UITests.swift */; };
		EF34F15126534A73001564B4 /* ContactoTableViewCell.swift in Sources */ = {isa = PBXBuildFile; fileRef = EF34F14F26534A73001564B4 /* ContactoTableViewCell.swift */; };
		EF34F15226534A73001564B4 /* ContactoTableViewCell.xib in Resources */ = {isa = PBXBuildFile; fileRef = EF34F15026534A73001564B4 /* ContactoTableViewCell.xib */; };
		EF34F15426534CB1001564B4 /* EditarViewController.swift in Sources */ = {isa = PBXBuildFile; fileRef = EF34F15326534CB1001564B4 /* EditarViewController.swift */; };
		EF34F15626536B75001564B4 /* MiContacto.swift in Sources */ = {isa = PBXBuildFile; fileRef = EF34F15526536B75001564B4 /* MiContacto.swift */; };
		EFCD81D12655C956002249A3 /* Contacto.xcdatamodeld in Sources */ = {isa = PBXBuildFile; fileRef = EFCD81CF2655C956002249A3 /* Contacto.xcdatamodeld */; };
/* End PBXBuildFile section */

/* Begin PBXContainerItemProxy section */
		EF34F13326534677001564B4 /* PBXContainerItemProxy */ = {
			isa = PBXContainerItemProxy;
			containerPortal = EF34F1142653451F001564B4 /* Project object */;
			proxyType = 1;
			remoteGlobalIDString = EF34F11B26534523001564B4;
			remoteInfo = ContactosCoreDataPM2;
		};
		EF34F13E2653467A001564B4 /* PBXContainerItemProxy */ = {
			isa = PBXContainerItemProxy;
			containerPortal = EF34F1142653451F001564B4 /* Project object */;
			proxyType = 1;
			remoteGlobalIDString = EF34F11B26534523001564B4;
			remoteInfo = ContactosCoreDataPM2;
		};
/* End PBXContainerItemProxy section */

/* Begin PBXFileReference section */
		EF34F11C26534525001564B4 /* ContactosCoreDataPM2.app */ = {isa = PBXFileReference; explicitFileType = wrapper.application; includeInIndex = 0; path = ContactosCoreDataPM2.app; sourceTree = BUILT_PRODUCTS_DIR; };
		EF34F11F26534526001564B4 /* AppDelegate.swift */ = {isa = PBXFileReference; lastKnownFileType = sourcecode.swift; path = AppDelegate.swift; sourceTree = "<group>"; };
		EF34F12126534527001564B4 /* SceneDelegate.swift */ = {isa = PBXFileReference; lastKnownFileType = sourcecode.swift; path = SceneDelegate.swift; sourceTree = "<group>"; };
		EF34F12326534527001564B4 /* ViewController.swift */ = {isa = PBXFileReference; lastKnownFileType = sourcecode.swift; path = ViewController.swift; sourceTree = "<group>"; };
		EF34F12626534529001564B4 /* Base */ = {isa = PBXFileReference; lastKnownFileType = file.storyboard; name = Base; path = Base.lproj/Main.storyboard; sourceTree = "<group>"; };
		EF34F12826534652001564B4 /* Assets.xcassets */ = {isa = PBXFileReference; lastKnownFileType = folder.assetcatalog; path = Assets.xcassets; sourceTree = "<group>"; };
		EF34F12B26534653001564B4 /* Base */ = {isa = PBXFileReference; lastKnownFileType = file.storyboard; name = Base; path = Base.lproj/LaunchScreen.storyboard; sourceTree = "<group>"; };
		EF34F12D26534655001564B4 /* Info.plist */ = {isa = PBXFileReference; lastKnownFileType = text.plist.xml; path = Info.plist; sourceTree = "<group>"; };
		EF34F13226534677001564B4 /* ContactosCoreDataPM2Tests.xctest */ = {isa = PBXFileReference; explicitFileType = wrapper.cfbundle; includeInIndex = 0; path = ContactosCoreDataPM2Tests.xctest; sourceTree = BUILT_PRODUCTS_DIR; };
		EF34F13626534679001564B4 /* ContactosCoreDataPM2Tests.swift */ = {isa = PBXFileReference; lastKnownFileType = sourcecode.swift; path = ContactosCoreDataPM2Tests.swift; sourceTree = "<group>"; };
		EF34F13826534679001564B4 /* Info.plist */ = {isa = PBXFileReference; lastKnownFileType = text.plist.xml; path = Info.plist; sourceTree = "<group>"; };
		EF34F13D2653467A001564B4 /* ContactosCoreDataPM2UITests.xctest */ = {isa = PBXFileReference; explicitFileType = wrapper.cfbundle; includeInIndex = 0; path = ContactosCoreDataPM2UITests.xctest; sourceTree = BUILT_PRODUCTS_DIR; };
		EF34F1412653467A001564B4 /* ContactosCoreDataPM2UITests.swift */ = {isa = PBXFileReference; lastKnownFileType = sourcecode.swift; path = ContactosCoreDataPM2UITests.swift; sourceTree = "<group>"; };
		EF34F1432653467B001564B4 /* Info.plist */ = {isa = PBXFileReference; lastKnownFileType = text.plist.xml; path = Info.plist; sourceTree = "<group>"; };
		EF34F14F26534A73001564B4 /* ContactoTableViewCell.swift */ = {isa = PBXFileReference; lastKnownFileType = sourcecode.swift; path = ContactoTableViewCell.swift; sourceTree = "<group>"; };
		EF34F15026534A73001564B4 /* ContactoTableViewCell.xib */ = {isa = PBXFileReference; lastKnownFileType = file.xib; path = ContactoTableViewCell.xib; sourceTree = "<group>"; };
		EF34F15326534CB1001564B4 /* EditarViewController.swift */ = {isa = PBXFileReference; lastKnownFileType = sourcecode.swift; path = EditarViewController.swift; sourceTree = "<group>"; };
		EF34F15526536B75001564B4 /* MiContacto.swift */ = {isa = PBXFileReference; lastKnownFileType = sourcecode.swift; path = MiContacto.swift; sourceTree = "<group>"; };
		EFCD81D02655C956002249A3 /* Contacto.xcdatamodel */ = {isa = PBXFileReference; lastKnownFileType = wrapper.xcdatamodel; path = Contacto.xcdatamodel; sourceTree = "<group>"; };
/* End PBXFileReference section */

/* Begin PBXFrameworksBuildPhase section */
		EF34F11926534523001564B4 /* Frameworks */ = {
			isa = PBXFrameworksBuildPhase;
			buildActionMask = 2147483647;
			files = (
			);
			runOnlyForDeploymentPostprocessing = 0;
		};
		EF34F12F26534677001564B4 /* Frameworks */ = {
			isa = PBXFrameworksBuildPhase;
			buildActionMask = 2147483647;
			files = (
			);
			runOnlyForDeploymentPostprocessing = 0;
		};
		EF34F13A26534679001564B4 /* Frameworks */ = {
			isa = PBXFrameworksBuildPhase;
			buildActionMask = 2147483647;
			files = (
			);
			runOnlyForDeploymentPostprocessing = 0;
		};
/* End PBXFrameworksBuildPhase section */

/* Begin PBXGroup section */
		EF34F1132653451E001564B4 = {
			isa = PBXGroup;
			children = (
				EF34F11E26534525001564B4 /* ContactosCoreDataPM2 */,
				EF34F13526534678001564B4 /* ContactosCoreDataPM2Tests */,
				EF34F1402653467A001564B4 /* ContactosCoreDataPM2UITests */,
				EF34F11D26534525001564B4 /* Products */,
			);
			sourceTree = "<group>";
		};
		EF34F11D26534525001564B4 /* Products */ = {
			isa = PBXGroup;
			children = (
				EF34F11C26534525001564B4 /* ContactosCoreDataPM2.app */,
				EF34F13226534677001564B4 /* ContactosCoreDataPM2Tests.xctest */,
				EF34F13D2653467A001564B4 /* ContactosCoreDataPM2UITests.xctest */,
			);
			name = Products;
			sourceTree = "<group>";
		};
		EF34F11E26534525001564B4 /* ContactosCoreDataPM2 */ = {
			isa = PBXGroup;
			children = (
				EF34F11F26534526001564B4 /* AppDelegate.swift */,
				EF34F12126534527001564B4 /* SceneDelegate.swift */,
				EF34F12326534527001564B4 /* ViewController.swift */,
				EF34F12526534529001564B4 /* Main.storyboard */,
				EF34F12826534652001564B4 /* Assets.xcassets */,
				EF34F12A26534653001564B4 /* LaunchScreen.storyboard */,
				EF34F12D26534655001564B4 /* Info.plist */,
				EF34F14F26534A73001564B4 /* ContactoTableViewCell.swift */,
				EF34F15026534A73001564B4 /* ContactoTableViewCell.xib */,
				EF34F15326534CB1001564B4 /* EditarViewController.swift */,
				EF34F15526536B75001564B4 /* MiContacto.swift */,
				EFCD81CF2655C956002249A3 /* Contacto.xcdatamodeld */,
			);
			path = ContactosCoreDataPM2;
			sourceTree = "<group>";
		};
		EF34F13526534678001564B4 /* ContactosCoreDataPM2Tests */ = {
			isa = PBXGroup;
			children = (
				EF34F13626534679001564B4 /* ContactosCoreDataPM2Tests.swift */,
				EF34F13826534679001564B4 /* Info.plist */,
			);
			path = ContactosCoreDataPM2Tests;
			sourceTree = "<group>";
		};
		EF34F1402653467A001564B4 /* ContactosCoreDataPM2UITests */ = {
			isa = PBXGroup;
			children = (
				EF34F1412653467A001564B4 /* ContactosCoreDataPM2UITests.swift */,
				EF34F1432653467B001564B4 /* Info.plist */,
			);
			path = ContactosCoreDataPM2UITests;
			sourceTree = "<group>";
		};
/* End PBXGroup section */

/* Begin PBXNativeTarget section */
		EF34F11B26534523001564B4 /* ContactosCoreDataPM2 */ = {
			isa = PBXNativeTarget;
			buildConfigurationList = EF34F1462653467B001564B4 /* Build configuration list for PBXNativeTarget "ContactosCoreDataPM2" */;
			buildPhases = (
				EF34F11826534523001564B4 /* Sources */,
				EF34F11926534523001564B4 /* Frameworks */,
				EF34F11A26534523001564B4 /* Resources */,
			);
			buildRules = (
			);
			dependencies = (
			);
			name = ContactosCoreDataPM2;
			productName = ContactosCoreDataPM2;
			productReference = EF34F11C26534525001564B4 /* ContactosCoreDataPM2.app */;
			productType = "com.apple.product-type.application";
		};
		EF34F13126534677001564B4 /* ContactosCoreDataPM2Tests */ = {
			isa = PBXNativeTarget;
			buildConfigurationList = EF34F1492653467B001564B4 /* Build configuration list for PBXNativeTarget "ContactosCoreDataPM2Tests" */;
			buildPhases = (
				EF34F12E26534677001564B4 /* Sources */,
				EF34F12F26534677001564B4 /* Frameworks */,
				EF34F13026534677001564B4 /* Resources */,
			);
			buildRules = (
			);
			dependencies = (
				EF34F13426534677001564B4 /* PBXTargetDependency */,
			);
			name = ContactosCoreDataPM2Tests;
			productName = ContactosCoreDataPM2Tests;
			productReference = EF34F13226534677001564B4 /* ContactosCoreDataPM2Tests.xctest */;
			productType = "com.apple.product-type.bundle.unit-test";
		};
		EF34F13C26534679001564B4 /* ContactosCoreDataPM2UITests */ = {
			isa = PBXNativeTarget;
			buildConfigurationList = EF34F14C2653467B001564B4 /* Build configuration list for PBXNativeTarget "ContactosCoreDataPM2UITests" */;
			buildPhases = (
				EF34F13926534679001564B4 /* Sources */,
				EF34F13A26534679001564B4 /* Frameworks */,
				EF34F13B26534679001564B4 /* Resources */,
			);
			buildRules = (
			);
			dependencies = (
				EF34F13F2653467A001564B4 /* PBXTargetDependency */,
			);
			name = ContactosCoreDataPM2UITests;
			productName = ContactosCoreDataPM2UITests;
			productReference = EF34F13D2653467A001564B4 /* ContactosCoreDataPM2UITests.xctest */;
			productType = "com.apple.product-type.bundle.ui-testing";
		};
/* End PBXNativeTarget section */

/* Begin PBXProject section */
		EF34F1142653451F001564B4 /* Project object */ = {
			isa = PBXProject;
			attributes = {
				LastSwiftUpdateCheck = 1250;
				LastUpgradeCheck = 1250;
				TargetAttributes = {
					EF34F11B26534523001564B4 = {
						CreatedOnToolsVersion = 12.5;
					};
					EF34F13126534677001564B4 = {
						CreatedOnToolsVersion = 12.5;
						TestTargetID = EF34F11B26534523001564B4;
					};
					EF34F13C26534679001564B4 = {
						CreatedOnToolsVersion = 12.5;
						TestTargetID = EF34F11B26534523001564B4;
					};
				};
			};
			buildConfigurationList = EF34F11726534520001564B4 /* Build configuration list for PBXProject "ContactosCoreDataPM2" */;
			compatibilityVersion = "Xcode 9.3";
			developmentRegion = en;
			hasScannedForEncodings = 0;
			knownRegions = (
				en,
				Base,
			);
			mainGroup = EF34F1132653451E001564B4;
			productRefGroup = EF34F11D26534525001564B4 /* Products */;
			projectDirPath = "";
			projectRoot = "";
			targets = (
				EF34F11B26534523001564B4 /* ContactosCoreDataPM2 */,
				EF34F13126534677001564B4 /* ContactosCoreDataPM2Tests */,
				EF34F13C26534679001564B4 /* ContactosCoreDataPM2UITests */,
			);
		};
/* End PBXProject section */

/* Begin PBXResourcesBuildPhase section */
		EF34F11A26534523001564B4 /* Resources */ = {
			isa = PBXResourcesBuildPhase;
			buildActionMask = 2147483647;
			files = (
				EF34F15226534A73001564B4 /* ContactoTableViewCell.xib in Resources */,
				EF34F12C26534653001564B4 /* LaunchScreen.storyboard in Resources */,
				EF34F12926534652001564B4 /* Assets.xcassets in Resources */,
				EF34F12726534529001564B4 /* Main.storyboard in Resources */,
			);
			runOnlyForDeploymentPostprocessing = 0;
		};
		EF34F13026534677001564B4 /* Resources */ = {
			isa = PBXResourcesBuildPhase;
			buildActionMask = 2147483647;
			files = (
			);
			runOnlyForDeploymentPostprocessing = 0;
		};
		EF34F13B26534679001564B4 /* Resources */ = {
			isa = PBXResourcesBuildPhase;
			buildActionMask = 2147483647;
			files = (
			);
			runOnlyForDeploymentPostprocessing = 0;
		};
/* End PBXResourcesBuildPhase section */

/* Begin PBXSourcesBuildPhase section */
		EF34F11826534523001564B4 /* Sources */ = {
			isa = PBXSourcesBuildPhase;
			buildActionMask = 2147483647;
			files = (
				EF34F15426534CB1001564B4 /* EditarViewController.swift in Sources */,
				EFCD81D12655C956002249A3 /* Contacto.xcdatamodeld in Sources */,
				EF34F15126534A73001564B4 /* ContactoTableViewCell.swift in Sources */,
				EF34F12426534527001564B4 /* ViewController.swift in Sources */,
				EF34F12026534526001564B4 /* AppDelegate.swift in Sources */,
				EF34F15626536B75001564B4 /* MiContacto.swift in Sources */,
				EF34F12226534527001564B4 /* SceneDelegate.swift in Sources */,
			);
			runOnlyForDeploymentPostprocessing = 0;
		};
		EF34F12E26534677001564B4 /* Sources */ = {
			isa = PBXSourcesBuildPhase;
			buildActionMask = 2147483647;
			files = (
				EF34F13726534679001564B4 /* ContactosCoreDataPM2Tests.swift in Sources */,
			);
			runOnlyForDeploymentPostprocessing = 0;
		};
		EF34F13926534679001564B4 /* Sources */ = {
			isa = PBXSourcesBuildPhase;
			buildActionMask = 2147483647;
			files = (
				EF34F1422653467A001564B4 /* ContactosCoreDataPM2UITests.swift in Sources */,
			);
			runOnlyForDeploymentPostprocessing = 0;
		};
/* End PBXSourcesBuildPhase section */

/* Begin PBXTargetDependency section */
		EF34F13426534677001564B4 /* PBXTargetDependency */ = {
			isa = PBXTargetDependency;
			target = EF34F11B26534523001564B4 /* ContactosCoreDataPM2 */;
			targetProxy = EF34F13326534677001564B4 /* PBXContainerItemProxy */;
		};
		EF34F13F2653467A001564B4 /* PBXTargetDependency */ = {
			isa = PBXTargetDependency;
			target = EF34F11B26534523001564B4 /* ContactosCoreDataPM2 */;
			targetProxy = EF34F13E2653467A001564B4 /* PBXContainerItemProxy */;
		};
/* End PBXTargetDependency section */

/* Begin PBXVariantGroup section */
		EF34F12526534529001564B4 /* Main.storyboard */ = {
			isa = PBXVariantGroup;
			children = (
				EF34F12626534529001564B4 /* Base */,
			);
			name = Main.storyboard;
			sourceTree = "<group>";
		};
		EF34F12A26534653001564B4 /* LaunchScreen.storyboard */ = {
			isa = PBXVariantGroup;
			children = (
				EF34F12B26534653001564B4 /* Base */,
			);
			name = LaunchScreen.storyboard;
			sourceTree = "<group>";
		};
/* End PBXVariantGroup section */

/* Begin XCBuildConfiguration section */
		EF34F1442653467B001564B4 /* Debug */ = {
			isa = XCBuildConfiguration;
			buildSettings = {
				ALWAYS_SEARCH_USER_PATHS = NO;
				CLANG_ANALYZER_NONNULL = YES;
				CLANG_ANALYZER_NUMBER_OBJECT_CONVERSION = YES_AGGRESSIVE;
				CLANG_CXX_LANGUAGE_STANDARD = "gnu++14";
				CLANG_CXX_LIBRARY = "libc++";
				CLANG_ENABLE_MODULES = YES;
				CLANG_ENABLE_OBJC_ARC = YES;
				CLANG_ENABLE_OBJC_WEAK = YES;
				CLANG_WARN_BLOCK_CAPTURE_AUTORELEASING = YES;
				CLANG_WARN_BOOL_CONVERSION = YES;
				CLANG_WARN_COMMA = YES;
				CLANG_WARN_CONSTANT_CONVERSION = YES;
				CLANG_WARN_DEPRECATED_OBJC_IMPLEMENTATIONS = YES;
				CLANG_WARN_DIRECT_OBJC_ISA_USAGE = YES_ERROR;
				CLANG_WARN_DOCUMENTATION_COMMENTS = YES;
				CLANG_WARN_EMPTY_BODY = YES;
				CLANG_WARN_ENUM_CONVERSION = YES;
				CLANG_WARN_INFINITE_RECURSION = YES;
				CLANG_WARN_INT_CONVERSION = YES;
				CLANG_WARN_NON_LITERAL_NULL_CONVERSION = YES;
				CLANG_WARN_OBJC_IMPLICIT_RETAIN_SELF = YES;
				CLANG_WARN_OBJC_LITERAL_CONVERSION = YES;
				CLANG_WARN_OBJC_ROOT_CLASS = YES_ERROR;
				CLANG_WARN_QUOTED_INCLUDE_IN_FRAMEWORK_HEADER = YES;
				CLANG_WARN_RANGE_LOOP_ANALYSIS = YES;
				CLANG_WARN_STRICT_PROTOTYPES = YES;
				CLANG_WARN_SUSPICIOUS_MOVE = YES;
				CLANG_WARN_UNGUARDED_AVAILABILITY = YES_AGGRESSIVE;
				CLANG_WARN_UNREACHABLE_CODE = YES;
				CLANG_WARN__DUPLICATE_METHOD_MATCH = YES;
				COPY_PHASE_STRIP = NO;
				DEBUG_INFORMATION_FORMAT = dwarf;
				ENABLE_STRICT_OBJC_MSGSEND = YES;
				ENABLE_TESTABILITY = YES;
				GCC_C_LANGUAGE_STANDARD = gnu11;
				GCC_DYNAMIC_NO_PIC = NO;
				GCC_NO_COMMON_BLOCKS = YES;
				GCC_OPTIMIZATION_LEVEL = 0;
				GCC_PREPROCESSOR_DEFINITIONS = (
					"DEBUG=1",
					"$(inherited)",
				);
				GCC_WARN_64_TO_32_BIT_CONVERSION = YES;
				GCC_WARN_ABOUT_RETURN_TYPE = YES_ERROR;
				GCC_WARN_UNDECLARED_SELECTOR = YES;
				GCC_WARN_UNINITIALIZED_AUTOS = YES_AGGRESSIVE;
				GCC_WARN_UNUSED_FUNCTION = YES;
				GCC_WARN_UNUSED_VARIABLE = YES;
				IPHONEOS_DEPLOYMENT_TARGET = 14.5;
				MTL_ENABLE_DEBUG_INFO = INCLUDE_SOURCE;
				MTL_FAST_MATH = YES;
				ONLY_ACTIVE_ARCH = YES;
				SDKROOT = iphoneos;
				SWIFT_ACTIVE_COMPILATION_CONDITIONS = DEBUG;
				SWIFT_OPTIMIZATION_LEVEL = "-Onone";
			};
			name = Debug;
		};
		EF34F1452653467B001564B4 /* Release */ = {
			isa = XCBuildConfiguration;
			buildSettings = {
				ALWAYS_SEARCH_USER_PATHS = NO;
				CLANG_ANALYZER_NONNULL = YES;
				CLANG_ANALYZER_NUMBER_OBJECT_CONVERSION = YES_AGGRESSIVE;
				CLANG_CXX_LANGUAGE_STANDARD = "gnu++14";
				CLANG_CXX_LIBRARY = "libc++";
				CLANG_ENABLE_MODULES = YES;
				CLANG_ENABLE_OBJC_ARC = YES;
				CLANG_ENABLE_OBJC_WEAK = YES;
				CLANG_WARN_BLOCK_CAPTURE_AUTORELEASING = YES;
				CLANG_WARN_BOOL_CONVERSION = YES;
				CLANG_WARN_COMMA = YES;
				CLANG_WARN_CONSTANT_CONVERSION = YES;
				CLANG_WARN_DEPRECATED_OBJC_IMPLEMENTATIONS = YES;
				CLANG_WARN_DIRECT_OBJC_ISA_USAGE = YES_ERROR;
				CLANG_WARN_DOCUMENTATION_COMMENTS = YES;
				CLANG_WARN_EMPTY_BODY = YES;
				CLANG_WARN_ENUM_CONVERSION = YES;
				CLANG_WARN_INFINITE_RECURSION = YES;
				CLANG_WARN_INT_CONVERSION = YES;
				CLANG_WARN_NON_LITERAL_NULL_CONVERSION = YES;
				CLANG_WARN_OBJC_IMPLICIT_RETAIN_SELF = YES;
				CLANG_WARN_OBJC_LITERAL_CONVERSION = YES;
				CLANG_WARN_OBJC_ROOT_CLASS = YES_ERROR;
				CLANG_WARN_QUOTED_INCLUDE_IN_FRAMEWORK_HEADER = YES;
				CLANG_WARN_RANGE_LOOP_ANALYSIS = YES;
				CLANG_WARN_STRICT_PROTOTYPES = YES;
				CLANG_WARN_SUSPICIOUS_MOVE = YES;
				CLANG_WARN_UNGUARDED_AVAILABILITY = YES_AGGRESSIVE;
				CLANG_WARN_UNREACHABLE_CODE = YES;
				CLANG_WARN__DUPLICATE_METHOD_MATCH = YES;
				COPY_PHASE_STRIP = NO;
				DEBUG_INFORMATION_FORMAT = "dwarf-with-dsym";
				ENABLE_NS_ASSERTIONS = NO;
				ENABLE_STRICT_OBJC_MSGSEND = YES;
				GCC_C_LANGUAGE_STANDARD = gnu11;
				GCC_NO_COMMON_BLOCKS = YES;
				GCC_WARN_64_TO_32_BIT_CONVERSION = YES;
				GCC_WARN_ABOUT_RETURN_TYPE = YES_ERROR;
				GCC_WARN_UNDECLARED_SELECTOR = YES;
				GCC_WARN_UNINITIALIZED_AUTOS = YES_AGGRESSIVE;
				GCC_WARN_UNUSED_FUNCTION = YES;
				GCC_WARN_UNUSED_VARIABLE = YES;
				IPHONEOS_DEPLOYMENT_TARGET = 14.5;
				MTL_ENABLE_DEBUG_INFO = NO;
				MTL_FAST_MATH = YES;
				SDKROOT = iphoneos;
				SWIFT_COMPILATION_MODE = wholemodule;
				SWIFT_OPTIMIZATION_LEVEL = "-O";
				VALIDATE_PRODUCT = YES;
			};
			name = Release;
		};
		EF34F1472653467B001564B4 /* Debug */ = {
			isa = XCBuildConfiguration;
			buildSettings = {
				ASSETCATALOG_COMPILER_APPICON_NAME = AppIcon;
				ASSETCATALOG_COMPILER_GLOBAL_ACCENT_COLOR_NAME = AccentColor;
				CODE_SIGN_STYLE = Automatic;
				INFOPLIST_FILE = ContactosCoreDataPM2/Info.plist;
				LD_RUNPATH_SEARCH_PATHS = (
					"$(inherited)",
					"@executable_path/Frameworks",
				);
				PRODUCT_BUNDLE_IDENTIFIER = com.jrv.rms.ContactosCoreDataPM2;
				PRODUCT_NAME = "$(TARGET_NAME)";
				SWIFT_VERSION = 5.0;
				TARGETED_DEVICE_FAMILY = "1,2";
			};
			name = Debug;
		};
		EF34F1482653467B001564B4 /* Release */ = {
			isa = XCBuildConfiguration;
			buildSettings = {
				ASSETCATALOG_COMPILER_APPICON_NAME = AppIcon;
				ASSETCATALOG_COMPILER_GLOBAL_ACCENT_COLOR_NAME = AccentColor;
				CODE_SIGN_STYLE = Automatic;
				INFOPLIST_FILE = ContactosCoreDataPM2/Info.plist;
				LD_RUNPATH_SEARCH_PATHS = (
					"$(inherited)",
					"@executable_path/Frameworks",
				);
				PRODUCT_BUNDLE_IDENTIFIER = com.jrv.rms.ContactosCoreDataPM2;
				PRODUCT_NAME = "$(TARGET_NAME)";
				SWIFT_VERSION = 5.0;
				TARGETED_DEVICE_FAMILY = "1,2";
			};
			name = Release;
		};
		EF34F14A2653467B001564B4 /* Debug */ = {
			isa = XCBuildConfiguration;
			buildSettings = {
				ALWAYS_EMBED_SWIFT_STANDARD_LIBRARIES = YES;
				BUNDLE_LOADER = "$(TEST_HOST)";
				CODE_SIGN_STYLE = Automatic;
				INFOPLIST_FILE = ContactosCoreDataPM2Tests/Info.plist;
				IPHONEOS_DEPLOYMENT_TARGET = 14.5;
				LD_RUNPATH_SEARCH_PATHS = (
					"$(inherited)",
					"@executable_path/Frameworks",
					"@loader_path/Frameworks",
				);
				PRODUCT_BUNDLE_IDENTIFIER = com.jrv.rms.ContactosCoreDataPM2Tests;
				PRODUCT_NAME = "$(TARGET_NAME)";
				SWIFT_VERSION = 5.0;
				TARGETED_DEVICE_FAMILY = "1,2";
				TEST_HOST = "$(BUILT_PRODUCTS_DIR)/ContactosCoreDataPM2.app/ContactosCoreDataPM2";
			};
			name = Debug;
		};
		EF34F14B2653467B001564B4 /* Release */ = {
			isa = XCBuildConfiguration;
			buildSettings = {
				ALWAYS_EMBED_SWIFT_STANDARD_LIBRARIES = YES;
				BUNDLE_LOADER = "$(TEST_HOST)";
				CODE_SIGN_STYLE = Automatic;
				INFOPLIST_FILE = ContactosCoreDataPM2Tests/Info.plist;
				IPHONEOS_DEPLOYMENT_TARGET = 14.5;
				LD_RUNPATH_SEARCH_PATHS = (
					"$(inherited)",
					"@executable_path/Frameworks",
					"@loader_path/Frameworks",
				);
				PRODUCT_BUNDLE_IDENTIFIER = com.jrv.rms.ContactosCoreDataPM2Tests;
				PRODUCT_NAME = "$(TARGET_NAME)";
				SWIFT_VERSION = 5.0;
				TARGETED_DEVICE_FAMILY = "1,2";
				TEST_HOST = "$(BUILT_PRODUCTS_DIR)/ContactosCoreDataPM2.app/ContactosCoreDataPM2";
			};
			name = Release;
		};
		EF34F14D2653467B001564B4 /* Debug */ = {
			isa = XCBuildConfiguration;
			buildSettings = {
				ALWAYS_EMBED_SWIFT_STANDARD_LIBRARIES = YES;
				CODE_SIGN_STYLE = Automatic;
				INFOPLIST_FILE = ContactosCoreDataPM2UITests/Info.plist;
				LD_RUNPATH_SEARCH_PATHS = (
					"$(inherited)",
					"@executable_path/Frameworks",
					"@loader_path/Frameworks",
				);
				PRODUCT_BUNDLE_IDENTIFIER = com.jrv.rms.ContactosCoreDataPM2UITests;
				PRODUCT_NAME = "$(TARGET_NAME)";
				SWIFT_VERSION = 5.0;
				TARGETED_DEVICE_FAMILY = "1,2";
				TEST_TARGET_NAME = ContactosCoreDataPM2;
			};
			name = Debug;
		};
		EF34F14E2653467B001564B4 /* Release */ = {
			isa = XCBuildConfiguration;
			buildSettings = {
				ALWAYS_EMBED_SWIFT_STANDARD_LIBRARIES = YES;
				CODE_SIGN_STYLE = Automatic;
				INFOPLIST_FILE = ContactosCoreDataPM2UITests/Info.plist;
				LD_RUNPATH_SEARCH_PATHS = (
					"$(inherited)",
					"@executable_path/Frameworks",
					"@loader_path/Frameworks",
				);
				PRODUCT_BUNDLE_IDENTIFIER = com.jrv.rms.ContactosCoreDataPM2UITests;
				PRODUCT_NAME = "$(TARGET_NAME)";
				SWIFT_VERSION = 5.0;
				TARGETED_DEVICE_FAMILY = "1,2";
				TEST_TARGET_NAME = ContactosCoreDataPM2;
			};
			name = Release;
		};
/* End XCBuildConfiguration section */

/* Begin XCConfigurationList section */
		EF34F11726534520001564B4 /* Build configuration list for PBXProject "ContactosCoreDataPM2" */ = {
			isa = XCConfigurationList;
			buildConfigurations = (
				EF34F1442653467B001564B4 /* Debug */,
				EF34F1452653467B001564B4 /* Release */,
			);
			defaultConfigurationIsVisible = 0;
			defaultConfigurationName = Release;
		};
		EF34F1462653467B001564B4 /* Build configuration list for PBXNativeTarget "ContactosCoreDataPM2" */ = {
			isa = XCConfigurationList;
			buildConfigurations = (
				EF34F1472653467B001564B4 /* Debug */,
				EF34F1482653467B001564B4 /* Release */,
			);
			defaultConfigurationIsVisible = 0;
			defaultConfigurationName = Release;
		};
		EF34F1492653467B001564B4 /* Build configuration list for PBXNativeTarget "ContactosCoreDataPM2Tests" */ = {
			isa = XCConfigurationList;
			buildConfigurations = (
				EF34F14A2653467B001564B4 /* Debug */,
				EF34F14B2653467B001564B4 /* Release */,
			);
			defaultConfigurationIsVisible = 0;
			defaultConfigurationName = Release;
		};
		EF34F14C2653467B001564B4 /* Build configuration list for PBXNativeTarget "ContactosCoreDataPM2UITests" */ = {
			isa = XCConfigurationList;
			buildConfigurations = (
				EF34F14D2653467B001564B4 /* Debug */,
				EF34F14E2653467B001564B4 /* Release */,
			);
			defaultConfigurationIsVisible = 0;
			defaultConfigurationName = Release;
		};
/* End XCConfigurationList section */

/* Begin XCVersionGroup section */
		EFCD81CF2655C956002249A3 /* Contacto.xcdatamodeld */ = {
			isa = XCVersionGroup;
			children = (
				EFCD81D02655C956002249A3 /* Contacto.xcdatamodel */,
			);
			currentVersion = EFCD81D02655C956002249A3 /* Contacto.xcdatamodel */;
			path = Contacto.xcdatamodeld;
			sourceTree = "<group>";
			versionGroupType = wrapper.xcdatamodel;
		};
/* End XCVersionGroup section */
	};
	rootObject = EF34F1142653451F001564B4 /* Project object */;
}
